
Microsoft Visual Studio Solution File, Format Version 12.00
# Visual Studio Version 16
VisualStudioVersion = 16.0.30621.155
MinimumVisualStudioVersion = 10.0.40219.1
Project("{2150E333-8FDC-42A3-9474-1A3956D46DE8}") = "src", "src", "{9036F198-12C8-4863-9D42-58931727B658}"
EndProject
Project("{2150E333-8FDC-42A3-9474-1A3956D46DE8}") = "Core", "Core", "{0C783068-0920-400E-99A7-D362148353DE}"
EndProject
Project("{E53339B2-1760-4266-BCC7-CA923CBCF16C}") = "docker-compose", "docker-compose.dcproj", "{758C833B-8418-4438-9663-7960131D7072}"
EndProject
Project("{2150E333-8FDC-42A3-9474-1A3956D46DE8}") = "Services", "Services", "{0FB4EFC4-D4DE-43F4-8B5D-1F4B05CD2595}"
EndProject
Project("{2150E333-8FDC-42A3-9474-1A3956D46DE8}") = "Book", "Book", "{38FB6FD5-686E-4975-B104-E9B7A537A6CB}"
EndProject
Project("{FAE04EC0-301F-11D3-BF4B-00C04F79EFBC}") = "Book.API", "src\Services\Book\Book.API\Book.API.csproj", "{FF877FA2-C9C2-4884-86CC-D30B0531DBA4}"
EndProject
Project("{2150E333-8FDC-42A3-9474-1A3956D46DE8}") = "Solution Items", "Solution Items", "{D469D69E-AD86-436B-90EE-A385908E59F9}"
	ProjectSection(SolutionItems) = preProject
		.editorconfig = .editorconfig
	EndProjectSection
EndProject
Project("{FAE04EC0-301F-11D3-BF4B-00C04F79EFBC}") = "LibraryCore", "LibraryCore\LibraryCore.csproj", "{36FE4CFD-291E-4691-8BB0-1B6547A55D33}"
EndProject
Project("{2150E333-8FDC-42A3-9474-1A3956D46DE8}") = "User", "User", "{1CBA6351-2E71-4213-B66D-7F495ED76923}"
EndProject
Project("{2150E333-8FDC-42A3-9474-1A3956D46DE8}") = "Admin", "Admin", "{157EC1BA-9237-4BB4-8E0E-A8E09DF772EE}"
EndProject
Project("{FAE04EC0-301F-11D3-BF4B-00C04F79EFBC}") = "User.API", "src\Services\User\User.API\User.API.csproj", "{58C38CEB-3ADF-45D9-96D1-D5934D31AAAC}"
EndProject
Project("{FAE04EC0-301F-11D3-BF4B-00C04F79EFBC}") = "Admin.UI", "src\Services\Admin\Admin.UI\Admin.UI.csproj", "{D7C5B307-70D2-4989-B18D-95A5EE18E8E6}"
EndProject
Global
	GlobalSection(SolutionConfigurationPlatforms) = preSolution
		Debug|Any CPU = Debug|Any CPU
		Release|Any CPU = Release|Any CPU
	EndGlobalSection
	GlobalSection(ProjectConfigurationPlatforms) = postSolution
		{758C833B-8418-4438-9663-7960131D7072}.Debug|Any CPU.ActiveCfg = Debug|Any CPU
		{758C833B-8418-4438-9663-7960131D7072}.Debug|Any CPU.Build.0 = Debug|Any CPU
		{758C833B-8418-4438-9663-7960131D7072}.Release|Any CPU.ActiveCfg = Release|Any CPU
		{758C833B-8418-4438-9663-7960131D7072}.Release|Any CPU.Build.0 = Release|Any CPU
		{FF877FA2-C9C2-4884-86CC-D30B0531DBA4}.Debug|Any CPU.ActiveCfg = Debug|Any CPU
		{FF877FA2-C9C2-4884-86CC-D30B0531DBA4}.Debug|Any CPU.Build.0 = Debug|Any CPU
		{FF877FA2-C9C2-4884-86CC-D30B0531DBA4}.Release|Any CPU.ActiveCfg = Release|Any CPU
		{FF877FA2-C9C2-4884-86CC-D30B0531DBA4}.Release|Any CPU.Build.0 = Release|Any CPU
		{36FE4CFD-291E-4691-8BB0-1B6547A55D33}.Debug|Any CPU.ActiveCfg = Debug|Any CPU
		{36FE4CFD-291E-4691-8BB0-1B6547A55D33}.Debug|Any CPU.Build.0 = Debug|Any CPU
		{36FE4CFD-291E-4691-8BB0-1B6547A55D33}.Release|Any CPU.ActiveCfg = Release|Any CPU
		{36FE4CFD-291E-4691-8BB0-1B6547A55D33}.Release|Any CPU.Build.0 = Release|Any CPU
		{58C38CEB-3ADF-45D9-96D1-D5934D31AAAC}.Debug|Any CPU.ActiveCfg = Debug|Any CPU
		{58C38CEB-3ADF-45D9-96D1-D5934D31AAAC}.Debug|Any CPU.Build.0 = Debug|Any CPU
		{58C38CEB-3ADF-45D9-96D1-D5934D31AAAC}.Release|Any CPU.ActiveCfg = Release|Any CPU
		{58C38CEB-3ADF-45D9-96D1-D5934D31AAAC}.Release|Any CPU.Build.0 = Release|Any CPU
		{D7C5B307-70D2-4989-B18D-95A5EE18E8E6}.Debug|Any CPU.ActiveCfg = Debug|Any CPU
		{D7C5B307-70D2-4989-B18D-95A5EE18E8E6}.Debug|Any CPU.Build.0 = Debug|Any CPU
		{D7C5B307-70D2-4989-B18D-95A5EE18E8E6}.Release|Any CPU.ActiveCfg = Release|Any CPU
		{D7C5B307-70D2-4989-B18D-95A5EE18E8E6}.Release|Any CPU.Build.0 = Release|Any CPU
	EndGlobalSection
	GlobalSection(SolutionProperties) = preSolution
		HideSolutionNode = FALSE
	EndGlobalSection
	GlobalSection(NestedProjects) = preSolution
		{0C783068-0920-400E-99A7-D362148353DE} = {9036F198-12C8-4863-9D42-58931727B658}
		{0FB4EFC4-D4DE-43F4-8B5D-1F4B05CD2595} = {9036F198-12C8-4863-9D42-58931727B658}
		{38FB6FD5-686E-4975-B104-E9B7A537A6CB} = {0FB4EFC4-D4DE-43F4-8B5D-1F4B05CD2595}
		{FF877FA2-C9C2-4884-86CC-D30B0531DBA4} = {38FB6FD5-686E-4975-B104-E9B7A537A6CB}
		{36FE4CFD-291E-4691-8BB0-1B6547A55D33} = {0C783068-0920-400E-99A7-D362148353DE}
		{1CBA6351-2E71-4213-B66D-7F495ED76923} = {0FB4EFC4-D4DE-43F4-8B5D-1F4B05CD2595}
		{157EC1BA-9237-4BB4-8E0E-A8E09DF772EE} = {0FB4EFC4-D4DE-43F4-8B5D-1F4B05CD2595}
		{58C38CEB-3ADF-45D9-96D1-D5934D31AAAC} = {1CBA6351-2E71-4213-B66D-7F495ED76923}
		{D7C5B307-70D2-4989-B18D-95A5EE18E8E6} = {157EC1BA-9237-4BB4-8E0E-A8E09DF772EE}
	EndGlobalSection
	GlobalSection(ExtensibilityGlobals) = postSolution
		SolutionGuid = {B0EF19D5-448C-4551-B01D-B0850E5FED25}
	EndGlobalSection
EndGlobal
